// !$*UTF8*$!
{
	archiveVersion = 1;
	classes = {
	};
	objectVersion = 51;
	objects = {

/* Begin PBXBuildFile section */
		3AA3C1C3B2F76D969C5D7DA3 /* Pods_Messenger.framework in Frameworks */ = {isa = PBXBuildFile; fileRef = C2862FB0423843972C273897 /* Pods_Messenger.framework */; };
		C46CDDB4265FF0D500A4C2A9 /* StorageManager.swift in Sources */ = {isa = PBXBuildFile; fileRef = C46CDDB3265FF0D500A4C2A9 /* StorageManager.swift */; };
		C499EF18264FB7FE008334F6 /* DatabaseManager.swift in Sources */ = {isa = PBXBuildFile; fileRef = C499EF17264FB7FE008334F6 /* DatabaseManager.swift */; };
		C4D0E20B264BD0C000AEC741 /* GoogleService-Info.plist in Resources */ = {isa = PBXBuildFile; fileRef = C4D0E20A264BD0C000AEC741 /* GoogleService-Info.plist */; };
		C4D20CE8265D2682006FE3EA /* ChatViewController.swift in Sources */ = {isa = PBXBuildFile; fileRef = C4D20CE7265D2682006FE3EA /* ChatViewController.swift */; };
		C4E2AB2A2644326100A52A28 /* AppDelegate.swift in Sources */ = {isa = PBXBuildFile; fileRef = C4E2AB292644326100A52A28 /* AppDelegate.swift */; };
		C4E2AB2C2644326100A52A28 /* SceneDelegate.swift in Sources */ = {isa = PBXBuildFile; fileRef = C4E2AB2B2644326100A52A28 /* SceneDelegate.swift */; };
		C4E2AB2E2644326100A52A28 /* ConversationViewController.swift in Sources */ = {isa = PBXBuildFile; fileRef = C4E2AB2D2644326100A52A28 /* ConversationViewController.swift */; };
		C4E2AB312644326100A52A28 /* Main.storyboard in Resources */ = {isa = PBXBuildFile; fileRef = C4E2AB2F2644326100A52A28 /* Main.storyboard */; };
		C4E2AB332644326400A52A28 /* Assets.xcassets in Resources */ = {isa = PBXBuildFile; fileRef = C4E2AB322644326400A52A28 /* Assets.xcassets */; };
		C4E2AB362644326400A52A28 /* LaunchScreen.storyboard in Resources */ = {isa = PBXBuildFile; fileRef = C4E2AB342644326400A52A28 /* LaunchScreen.storyboard */; };
		C4E2AB462644385000A52A28 /* LoginViewController.swift in Sources */ = {isa = PBXBuildFile; fileRef = C4E2AB452644385000A52A28 /* LoginViewController.swift */; };
		C4E2AB4A2644386A00A52A28 /* RegisterViewController.swift in Sources */ = {isa = PBXBuildFile; fileRef = C4E2AB492644386A00A52A28 /* RegisterViewController.swift */; };
		C4E2AB4D264438A200A52A28 /* PhotoViewerViewController.swift in Sources */ = {isa = PBXBuildFile; fileRef = C4E2AB4C264438A200A52A28 /* PhotoViewerViewController.swift */; };
		C4E2AB51264438C700A52A28 /* VideoPlayerViewController.swift in Sources */ = {isa = PBXBuildFile; fileRef = C4E2AB50264438C700A52A28 /* VideoPlayerViewController.swift */; };
		C4E2AB54264438FF00A52A28 /* NewConversationViewController.swift in Sources */ = {isa = PBXBuildFile; fileRef = C4E2AB53264438FF00A52A28 /* NewConversationViewController.swift */; };
		C4E2AB572644392000A52A28 /* ProfileViewController.swift in Sources */ = {isa = PBXBuildFile; fileRef = C4E2AB562644392000A52A28 /* ProfileViewController.swift */; };
		C4E2AB5F2644477E00A52A28 /* Extensions.swift in Sources */ = {isa = PBXBuildFile; fileRef = C4E2AB5E2644477E00A52A28 /* Extensions.swift */; };
/* End PBXBuildFile section */

/* Begin PBXFileReference section */
		64E76539EE04107C0920B0C4 /* Pods-Messenger.debug.xcconfig */ = {isa = PBXFileReference; includeInIndex = 1; lastKnownFileType = text.xcconfig; name = "Pods-Messenger.debug.xcconfig"; path = "Target Support Files/Pods-Messenger/Pods-Messenger.debug.xcconfig"; sourceTree = "<group>"; };
		85469863B3D4CAFC63CB6B8B /* Pods-Messenger.release.xcconfig */ = {isa = PBXFileReference; includeInIndex = 1; lastKnownFileType = text.xcconfig; name = "Pods-Messenger.release.xcconfig"; path = "Target Support Files/Pods-Messenger/Pods-Messenger.release.xcconfig"; sourceTree = "<group>"; };
		C2862FB0423843972C273897 /* Pods_Messenger.framework */ = {isa = PBXFileReference; explicitFileType = wrapper.framework; includeInIndex = 0; path = Pods_Messenger.framework; sourceTree = BUILT_PRODUCTS_DIR; };
		C46CDDB3265FF0D500A4C2A9 /* StorageManager.swift */ = {isa = PBXFileReference; lastKnownFileType = sourcecode.swift; path = StorageManager.swift; sourceTree = "<group>"; };
		C499EF17264FB7FE008334F6 /* DatabaseManager.swift */ = {isa = PBXFileReference; lastKnownFileType = sourcecode.swift; path = DatabaseManager.swift; sourceTree = "<group>"; };
		C4D0E20A264BD0C000AEC741 /* GoogleService-Info.plist */ = {isa = PBXFileReference; fileEncoding = 4; lastKnownFileType = text.plist.xml; name = "GoogleService-Info.plist"; path = "../../../Downloads/GoogleService-Info.plist"; sourceTree = "<group>"; };
		C4D20CE7265D2682006FE3EA /* ChatViewController.swift */ = {isa = PBXFileReference; lastKnownFileType = sourcecode.swift; path = ChatViewController.swift; sourceTree = "<group>"; };
		C4E2AB262644326100A52A28 /* Messenger.app */ = {isa = PBXFileReference; explicitFileType = wrapper.application; includeInIndex = 0; path = Messenger.app; sourceTree = BUILT_PRODUCTS_DIR; };
		C4E2AB292644326100A52A28 /* AppDelegate.swift */ = {isa = PBXFileReference; lastKnownFileType = sourcecode.swift; path = AppDelegate.swift; sourceTree = "<group>"; };
		C4E2AB2B2644326100A52A28 /* SceneDelegate.swift */ = {isa = PBXFileReference; lastKnownFileType = sourcecode.swift; path = SceneDelegate.swift; sourceTree = "<group>"; };
		C4E2AB2D2644326100A52A28 /* ConversationViewController.swift */ = {isa = PBXFileReference; lastKnownFileType = sourcecode.swift; path = ConversationViewController.swift; sourceTree = "<group>"; };
		C4E2AB302644326100A52A28 /* Base */ = {isa = PBXFileReference; lastKnownFileType = file.storyboard; name = Base; path = Base.lproj/Main.storyboard; sourceTree = "<group>"; };
		C4E2AB322644326400A52A28 /* Assets.xcassets */ = {isa = PBXFileReference; lastKnownFileType = folder.assetcatalog; path = Assets.xcassets; sourceTree = "<group>"; };
		C4E2AB352644326400A52A28 /* Base */ = {isa = PBXFileReference; lastKnownFileType = file.storyboard; name = Base; path = Base.lproj/LaunchScreen.storyboard; sourceTree = "<group>"; };
		C4E2AB372644326400A52A28 /* Info.plist */ = {isa = PBXFileReference; lastKnownFileType = text.plist.xml; path = Info.plist; sourceTree = "<group>"; };
		C4E2AB452644385000A52A28 /* LoginViewController.swift */ = {isa = PBXFileReference; lastKnownFileType = sourcecode.swift; path = LoginViewController.swift; sourceTree = "<group>"; };
		C4E2AB492644386A00A52A28 /* RegisterViewController.swift */ = {isa = PBXFileReference; lastKnownFileType = sourcecode.swift; path = RegisterViewController.swift; sourceTree = "<group>"; };
		C4E2AB4C264438A200A52A28 /* PhotoViewerViewController.swift */ = {isa = PBXFileReference; lastKnownFileType = sourcecode.swift; path = PhotoViewerViewController.swift; sourceTree = "<group>"; };
		C4E2AB50264438C700A52A28 /* VideoPlayerViewController.swift */ = {isa = PBXFileReference; lastKnownFileType = sourcecode.swift; path = VideoPlayerViewController.swift; sourceTree = "<group>"; };
		C4E2AB53264438FF00A52A28 /* NewConversationViewController.swift */ = {isa = PBXFileReference; lastKnownFileType = sourcecode.swift; path = NewConversationViewController.swift; sourceTree = "<group>"; };
		C4E2AB562644392000A52A28 /* ProfileViewController.swift */ = {isa = PBXFileReference; lastKnownFileType = sourcecode.swift; path = ProfileViewController.swift; sourceTree = "<group>"; };
		C4E2AB5E2644477E00A52A28 /* Extensions.swift */ = {isa = PBXFileReference; lastKnownFileType = sourcecode.swift; path = Extensions.swift; sourceTree = "<group>"; };
/* End PBXFileReference section */

/* Begin PBXFrameworksBuildPhase section */
		C4E2AB232644326100A52A28 /* Frameworks */ = {
			isa = PBXFrameworksBuildPhase;
			buildActionMask = 2147483647;
			files = (
				3AA3C1C3B2F76D969C5D7DA3 /* Pods_Messenger.framework in Frameworks */,
			);
			runOnlyForDeploymentPostprocessing = 0;
		};
/* End PBXFrameworksBuildPhase section */

/* Begin PBXGroup section */
		41B6D91B0CB83853777ECB5E /* Pods */ = {
			isa = PBXGroup;
			children = (
				64E76539EE04107C0920B0C4 /* Pods-Messenger.debug.xcconfig */,
				85469863B3D4CAFC63CB6B8B /* Pods-Messenger.release.xcconfig */,
			);
			path = Pods;
			sourceTree = "<group>";
		};
		7AB17CC5D191A3EE6D30A6CE /* Frameworks */ = {
			isa = PBXGroup;
			children = (
				C2862FB0423843972C273897 /* Pods_Messenger.framework */,
			);
			name = Frameworks;
			sourceTree = "<group>";
		};
		C4E2AB1D2644326100A52A28 = {
			isa = PBXGroup;
			children = (
				C4E2AB282644326100A52A28 /* Messenger */,
				C4E2AB272644326100A52A28 /* Products */,
				41B6D91B0CB83853777ECB5E /* Pods */,
				7AB17CC5D191A3EE6D30A6CE /* Frameworks */,
			);
			sourceTree = "<group>";
		};
		C4E2AB272644326100A52A28 /* Products */ = {
			isa = PBXGroup;
			children = (
				C4E2AB262644326100A52A28 /* Messenger.app */,
			);
			name = Products;
			sourceTree = "<group>";
		};
		C4E2AB282644326100A52A28 /* Messenger */ = {
			isa = PBXGroup;
			children = (
				C4D0E20A264BD0C000AEC741 /* GoogleService-Info.plist */,
				C4E2AB42264436C400A52A28 /* Resouces */,
				C4E2AB41264436AF00A52A28 /* ViewModels */,
				C4E2AB40264436A400A52A28 /* Models */,
				C4E2AB3F2644369800A52A28 /* Views */,
				C4E2AB3E264434A400A52A28 /* Controllers */,
				C4E2AB322644326400A52A28 /* Assets.xcassets */,
				C4E2AB372644326400A52A28 /* Info.plist */,
			);
			path = Messenger;
			sourceTree = "<group>";
		};
		C4E2AB3E264434A400A52A28 /* Controllers */ = {
			isa = PBXGroup;
			children = (
				C4E2AB2D2644326100A52A28 /* ConversationViewController.swift */,
				C4D20CE7265D2682006FE3EA /* ChatViewController.swift */,
				C4E2AB5926443CD100A52A28 /* Login */,
				C4E2AB4C264438A200A52A28 /* PhotoViewerViewController.swift */,
				C4E2AB50264438C700A52A28 /* VideoPlayerViewController.swift */,
				C4E2AB53264438FF00A52A28 /* NewConversationViewController.swift */,
				C4E2AB562644392000A52A28 /* ProfileViewController.swift */,
			);
			path = Controllers;
			sourceTree = "<group>";
		};
		C4E2AB3F2644369800A52A28 /* Views */ = {
			isa = PBXGroup;
			children = (
				C4E2AB432644371C00A52A28 /* Storyboards */,
			);
			path = Views;
			sourceTree = "<group>";
		};
		C4E2AB40264436A400A52A28 /* Models */ = {
			isa = PBXGroup;
			children = (
			);
			path = Models;
			sourceTree = "<group>";
		};
		C4E2AB41264436AF00A52A28 /* ViewModels */ = {
			isa = PBXGroup;
			children = (
			);
			path = ViewModels;
			sourceTree = "<group>";
		};
		C4E2AB42264436C400A52A28 /* Resouces */ = {
			isa = PBXGroup;
			children = (
				C4E2AB292644326100A52A28 /* AppDelegate.swift */,
				C4E2AB2B2644326100A52A28 /* SceneDelegate.swift */,
				C4E2AB5E2644477E00A52A28 /* Extensions.swift */,
				C499EF17264FB7FE008334F6 /* DatabaseManager.swift */,
				C46CDDB3265FF0D500A4C2A9 /* StorageManager.swift */,
			);
			path = Resouces;
			sourceTree = "<group>";
		};
		C4E2AB432644371C00A52A28 /* Storyboards */ = {
			isa = PBXGroup;
			children = (
				C4E2AB2F2644326100A52A28 /* Main.storyboard */,
				C4E2AB342644326400A52A28 /* LaunchScreen.storyboard */,
			);
			path = Storyboards;
			sourceTree = "<group>";
		};
		C4E2AB5926443CD100A52A28 /* Login */ = {
			isa = PBXGroup;
			children = (
				C4E2AB452644385000A52A28 /* LoginViewController.swift */,
				C4E2AB492644386A00A52A28 /* RegisterViewController.swift */,
			);
			path = Login;
			sourceTree = "<group>";
		};
/* End PBXGroup section */

/* Begin PBXNativeTarget section */
		C4E2AB252644326100A52A28 /* Messenger */ = {
			isa = PBXNativeTarget;
			buildConfigurationList = C4E2AB3A2644326400A52A28 /* Build configuration list for PBXNativeTarget "Messenger" */;
			buildPhases = (
				DBCFCA4911E860950625B458 /* [CP] Check Pods Manifest.lock */,
				C4E2AB222644326100A52A28 /* Sources */,
				C4E2AB232644326100A52A28 /* Frameworks */,
				C4E2AB242644326100A52A28 /* Resources */,
				8F73C68E5BF906AD7D01BD89 /* [CP] Embed Pods Frameworks */,
				7137F90079C3651ABA2B322F /* [CP] Copy Pods Resources */,
			);
			buildRules = (
			);
			dependencies = (
			);
			name = Messenger;
			productName = Messenger;
			productReference = C4E2AB262644326100A52A28 /* Messenger.app */;
			productType = "com.apple.product-type.application";
		};
/* End PBXNativeTarget section */

/* Begin PBXProject section */
		C4E2AB1E2644326100A52A28 /* Project object */ = {
			isa = PBXProject;
			attributes = {
				LastSwiftUpdateCheck = 1240;
				LastUpgradeCheck = 1240;
				TargetAttributes = {
					C4E2AB252644326100A52A28 = {
						CreatedOnToolsVersion = 12.4;
					};
				};
			};
			buildConfigurationList = C4E2AB212644326100A52A28 /* Build configuration list for PBXProject "Messenger" */;
			compatibilityVersion = "Xcode 9.3";
			developmentRegion = en;
			hasScannedForEncodings = 0;
			knownRegions = (
				en,
				Base,
			);
			mainGroup = C4E2AB1D2644326100A52A28;
			productRefGroup = C4E2AB272644326100A52A28 /* Products */;
			projectDirPath = "";
			projectRoot = "";
			targets = (
				C4E2AB252644326100A52A28 /* Messenger */,
			);
		};
/* End PBXProject section */

/* Begin PBXResourcesBuildPhase section */
		C4E2AB242644326100A52A28 /* Resources */ = {
			isa = PBXResourcesBuildPhase;
			buildActionMask = 2147483647;
			files = (
				C4E2AB362644326400A52A28 /* LaunchScreen.storyboard in Resources */,
				C4D0E20B264BD0C000AEC741 /* GoogleService-Info.plist in Resources */,
				C4E2AB332644326400A52A28 /* Assets.xcassets in Resources */,
				C4E2AB312644326100A52A28 /* Main.storyboard in Resources */,
			);
			runOnlyForDeploymentPostprocessing = 0;
		};
/* End PBXResourcesBuildPhase section */

/* Begin PBXShellScriptBuildPhase section */
		7137F90079C3651ABA2B322F /* [CP] Copy Pods Resources */ = {
			isa = PBXShellScriptBuildPhase;
			buildActionMask = 2147483647;
			files = (
			);
			inputFileListPaths = (
				"${PODS_ROOT}/Target Support Files/Pods-Messenger/Pods-Messenger-resources-${CONFIGURATION}-input-files.xcfilelist",
			);
			name = "[CP] Copy Pods Resources";
			outputFileListPaths = (
				"${PODS_ROOT}/Target Support Files/Pods-Messenger/Pods-Messenger-resources-${CONFIGURATION}-output-files.xcfilelist",
			);
			runOnlyForDeploymentPostprocessing = 0;
			shellPath = /bin/sh;
			shellScript = "\"${PODS_ROOT}/Target Support Files/Pods-Messenger/Pods-Messenger-resources.sh\"\n";
			showEnvVarsInLog = 0;
		};
		8F73C68E5BF906AD7D01BD89 /* [CP] Embed Pods Frameworks */ = {
			isa = PBXShellScriptBuildPhase;
			buildActionMask = 2147483647;
			files = (
			);
			inputFileListPaths = (
				"${PODS_ROOT}/Target Support Files/Pods-Messenger/Pods-Messenger-frameworks-${CONFIGURATION}-input-files.xcfilelist",
			);
			name = "[CP] Embed Pods Frameworks";
			outputFileListPaths = (
				"${PODS_ROOT}/Target Support Files/Pods-Messenger/Pods-Messenger-frameworks-${CONFIGURATION}-output-files.xcfilelist",
			);
			runOnlyForDeploymentPostprocessing = 0;
			shellPath = /bin/sh;
			shellScript = "\"${PODS_ROOT}/Target Support Files/Pods-Messenger/Pods-Messenger-frameworks.sh\"\n";
			showEnvVarsInLog = 0;
		};
		DBCFCA4911E860950625B458 /* [CP] Check Pods Manifest.lock */ = {
			isa = PBXShellScriptBuildPhase;
			buildActionMask = 2147483647;
			files = (
			);
			inputFileListPaths = (
			);
			inputPaths = (
				"${PODS_PODFILE_DIR_PATH}/Podfile.lock",
				"${PODS_ROOT}/Manifest.lock",
			);
			name = "[CP] Check Pods Manifest.lock";
			outputFileListPaths = (
			);
			outputPaths = (
				"$(DERIVED_FILE_DIR)/Pods-Messenger-checkManifestLockResult.txt",
			);
			runOnlyForDeploymentPostprocessing = 0;
			shellPath = /bin/sh;
			shellScript = "diff \"${PODS_PODFILE_DIR_PATH}/Podfile.lock\" \"${PODS_ROOT}/Manifest.lock\" > /dev/null\nif [ $? != 0 ] ; then\n    # print error to STDERR\n    echo \"error: The sandbox is not in sync with the Podfile.lock. Run 'pod install' or update your CocoaPods installation.\" >&2\n    exit 1\nfi\n# This output is used by Xcode 'outputs' to avoid re-running this script phase.\necho \"SUCCESS\" > \"${SCRIPT_OUTPUT_FILE_0}\"\n";
			showEnvVarsInLog = 0;
		};
/* End PBXShellScriptBuildPhase section */

/* Begin PBXSourcesBuildPhase section */
		C4E2AB222644326100A52A28 /* Sources */ = {
			isa = PBXSourcesBuildPhase;
			buildActionMask = 2147483647;
			files = (
				C4E2AB462644385000A52A28 /* LoginViewController.swift in Sources */,
				C499EF18264FB7FE008334F6 /* DatabaseManager.swift in Sources */,
				C4E2AB4A2644386A00A52A28 /* RegisterViewController.swift in Sources */,
				C4E2AB54264438FF00A52A28 /* NewConversationViewController.swift in Sources */,
				C4E2AB2E2644326100A52A28 /* ConversationViewController.swift in Sources */,
				C4E2AB51264438C700A52A28 /* VideoPlayerViewController.swift in Sources */,
				C4E2AB5F2644477E00A52A28 /* Extensions.swift in Sources */,
				C4E2AB2A2644326100A52A28 /* AppDelegate.swift in Sources */,
				C4E2AB572644392000A52A28 /* ProfileViewController.swift in Sources */,
				C4E2AB2C2644326100A52A28 /* SceneDelegate.swift in Sources */,
				C4D20CE8265D2682006FE3EA /* ChatViewController.swift in Sources */,
				C4E2AB4D264438A200A52A28 /* PhotoViewerViewController.swift in Sources */,
				C46CDDB4265FF0D500A4C2A9 /* StorageManager.swift in Sources */,
			);
			runOnlyForDeploymentPostprocessing = 0;
		};
/* End PBXSourcesBuildPhase section */

/* Begin PBXVariantGroup section */
		C4E2AB2F2644326100A52A28 /* Main.storyboard */ = {
			isa = PBXVariantGroup;
			children = (
				C4E2AB302644326100A52A28 /* Base */,
			);
			name = Main.storyboard;
			sourceTree = "<group>";
		};
		C4E2AB342644326400A52A28 /* LaunchScreen.storyboard */ = {
			isa = PBXVariantGroup;
			children = (
				C4E2AB352644326400A52A28 /* Base */,
			);
			name = LaunchScreen.storyboard;
			sourceTree = "<group>";
		};
/* End PBXVariantGroup section */

/* Begin XCBuildConfiguration section */
		C4E2AB382644326400A52A28 /* Debug */ = {
			isa = XCBuildConfiguration;
			buildSettings = {
				ALWAYS_SEARCH_USER_PATHS = NO;
				CLANG_ANALYZER_NONNULL = YES;
				CLANG_ANALYZER_NUMBER_OBJECT_CONVERSION = YES_AGGRESSIVE;
				CLANG_CXX_LANGUAGE_STANDARD = "gnu++14";
				CLANG_CXX_LIBRARY = "libc++";
				CLANG_ENABLE_MODULES = YES;
				CLANG_ENABLE_OBJC_ARC = YES;
				CLANG_ENABLE_OBJC_WEAK = YES;
				CLANG_WARN_BLOCK_CAPTURE_AUTORELEASING = YES;
				CLANG_WARN_BOOL_CONVERSION = YES;
				CLANG_WARN_COMMA = YES;
				CLANG_WARN_CONSTANT_CONVERSION = YES;
				CLANG_WARN_DEPRECATED_OBJC_IMPLEMENTATIONS = YES;
				CLANG_WARN_DIRECT_OBJC_ISA_USAGE = YES_ERROR;
				CLANG_WARN_DOCUMENTATION_COMMENTS = YES;
				CLANG_WARN_EMPTY_BODY = YES;
				CLANG_WARN_ENUM_CONVERSION = YES;
				CLANG_WARN_INFINITE_RECURSION = YES;
				CLANG_WARN_INT_CONVERSION = YES;
				CLANG_WARN_NON_LITERAL_NULL_CONVERSION = YES;
				CLANG_WARN_OBJC_IMPLICIT_RETAIN_SELF = YES;
				CLANG_WARN_OBJC_LITERAL_CONVERSION = YES;
				CLANG_WARN_OBJC_ROOT_CLASS = YES_ERROR;
				CLANG_WARN_QUOTED_INCLUDE_IN_FRAMEWORK_HEADER = YES;
				CLANG_WARN_RANGE_LOOP_ANALYSIS = YES;
				CLANG_WARN_STRICT_PROTOTYPES = YES;
				CLANG_WARN_SUSPICIOUS_MOVE = YES;
				CLANG_WARN_UNGUARDED_AVAILABILITY = YES_AGGRESSIVE;
				CLANG_WARN_UNREACHABLE_CODE = YES;
				CLANG_WARN__DUPLICATE_METHOD_MATCH = YES;
				COPY_PHASE_STRIP = NO;
				DEBUG_INFORMATION_FORMAT = dwarf;
				ENABLE_STRICT_OBJC_MSGSEND = YES;
				ENABLE_TESTABILITY = YES;
				GCC_C_LANGUAGE_STANDARD = gnu11;
				GCC_DYNAMIC_NO_PIC = NO;
				GCC_NO_COMMON_BLOCKS = YES;
				GCC_OPTIMIZATION_LEVEL = 0;
				GCC_PREPROCESSOR_DEFINITIONS = (
					"DEBUG=1",
					"$(inherited)",
				);
				GCC_WARN_64_TO_32_BIT_CONVERSION = YES;
				GCC_WARN_ABOUT_RETURN_TYPE = YES_ERROR;
				GCC_WARN_UNDECLARED_SELECTOR = YES;
				GCC_WARN_UNINITIALIZED_AUTOS = YES_AGGRESSIVE;
				GCC_WARN_UNUSED_FUNCTION = YES;
				GCC_WARN_UNUSED_VARIABLE = YES;
				IPHONEOS_DEPLOYMENT_TARGET = 14.4;
				MTL_ENABLE_DEBUG_INFO = INCLUDE_SOURCE;
				MTL_FAST_MATH = YES;
				ONLY_ACTIVE_ARCH = YES;
				SDKROOT = iphoneos;
				SWIFT_ACTIVE_COMPILATION_CONDITIONS = DEBUG;
				SWIFT_OPTIMIZATION_LEVEL = "-Onone";
			};
			name = Debug;
		};
		C4E2AB392644326400A52A28 /* Release */ = {
			isa = XCBuildConfiguration;
			buildSettings = {
				ALWAYS_SEARCH_USER_PATHS = NO;
				CLANG_ANALYZER_NONNULL = YES;
				CLANG_ANALYZER_NUMBER_OBJECT_CONVERSION = YES_AGGRESSIVE;
				CLANG_CXX_LANGUAGE_STANDARD = "gnu++14";
				CLANG_CXX_LIBRARY = "libc++";
				CLANG_ENABLE_MODULES = YES;
				CLANG_ENABLE_OBJC_ARC = YES;
				CLANG_ENABLE_OBJC_WEAK = YES;
				CLANG_WARN_BLOCK_CAPTURE_AUTORELEASING = YES;
				CLANG_WARN_BOOL_CONVERSION = YES;
				CLANG_WARN_COMMA = YES;
				CLANG_WARN_CONSTANT_CONVERSION = YES;
				CLANG_WARN_DEPRECATED_OBJC_IMPLEMENTATIONS = YES;
				CLANG_WARN_DIRECT_OBJC_ISA_USAGE = YES_ERROR;
				CLANG_WARN_DOCUMENTATION_COMMENTS = YES;
				CLANG_WARN_EMPTY_BODY = YES;
				CLANG_WARN_ENUM_CONVERSION = YES;
				CLANG_WARN_INFINITE_RECURSION = YES;
				CLANG_WARN_INT_CONVERSION = YES;
				CLANG_WARN_NON_LITERAL_NULL_CONVERSION = YES;
				CLANG_WARN_OBJC_IMPLICIT_RETAIN_SELF = YES;
				CLANG_WARN_OBJC_LITERAL_CONVERSION = YES;
				CLANG_WARN_OBJC_ROOT_CLASS = YES_ERROR;
				CLANG_WARN_QUOTED_INCLUDE_IN_FRAMEWORK_HEADER = YES;
				CLANG_WARN_RANGE_LOOP_ANALYSIS = YES;
				CLANG_WARN_STRICT_PROTOTYPES = YES;
				CLANG_WARN_SUSPICIOUS_MOVE = YES;
				CLANG_WARN_UNGUARDED_AVAILABILITY = YES_AGGRESSIVE;
				CLANG_WARN_UNREACHABLE_CODE = YES;
				CLANG_WARN__DUPLICATE_METHOD_MATCH = YES;
				COPY_PHASE_STRIP = NO;
				DEBUG_INFORMATION_FORMAT = "dwarf-with-dsym";
				ENABLE_NS_ASSERTIONS = NO;
				ENABLE_STRICT_OBJC_MSGSEND = YES;
				GCC_C_LANGUAGE_STANDARD = gnu11;
				GCC_NO_COMMON_BLOCKS = YES;
				GCC_WARN_64_TO_32_BIT_CONVERSION = YES;
				GCC_WARN_ABOUT_RETURN_TYPE = YES_ERROR;
				GCC_WARN_UNDECLARED_SELECTOR = YES;
				GCC_WARN_UNINITIALIZED_AUTOS = YES_AGGRESSIVE;
				GCC_WARN_UNUSED_FUNCTION = YES;
				GCC_WARN_UNUSED_VARIABLE = YES;
				IPHONEOS_DEPLOYMENT_TARGET = 14.4;
				MTL_ENABLE_DEBUG_INFO = NO;
				MTL_FAST_MATH = YES;
				SDKROOT = iphoneos;
				SWIFT_COMPILATION_MODE = wholemodule;
				SWIFT_OPTIMIZATION_LEVEL = "-O";
				VALIDATE_PRODUCT = YES;
			};
			name = Release;
		};
		C4E2AB3B2644326400A52A28 /* Debug */ = {
			isa = XCBuildConfiguration;
			baseConfigurationReference = 64E76539EE04107C0920B0C4 /* Pods-Messenger.debug.xcconfig */;
			buildSettings = {
				ASSETCATALOG_COMPILER_APPICON_NAME = AppIcon;
				ASSETCATALOG_COMPILER_GLOBAL_ACCENT_COLOR_NAME = AccentColor;
				CODE_SIGN_STYLE = Automatic;
				DEVELOPMENT_TEAM = 7FWE3GPY5W;
				INFOPLIST_FILE = Messenger/Info.plist;
				IPHONEOS_DEPLOYMENT_TARGET = 13.0;
				LD_RUNPATH_SEARCH_PATHS = (
					"$(inherited)",
					"@executable_path/Frameworks",
				);
				PRODUCT_BUNDLE_IDENTIFIER = Yaroslav.Messenger;
				PRODUCT_NAME = "$(TARGET_NAME)";
				SWIFT_VERSION = 5.0;
				TARGETED_DEVICE_FAMILY = "1,2";
			};
			name = Debug;
		};
		C4E2AB3C2644326400A52A28 /* Release */ = {
			isa = XCBuildConfiguration;
			baseConfigurationReference = 85469863B3D4CAFC63CB6B8B /* Pods-Messenger.release.xcconfig */;
			buildSettings = {
				ASSETCATALOG_COMPILER_APPICON_NAME = AppIcon;
				ASSETCATALOG_COMPILER_GLOBAL_ACCENT_COLOR_NAME = AccentColor;
				CODE_SIGN_STYLE = Automatic;
				DEVELOPMENT_TEAM = 7FWE3GPY5W;
				INFOPLIST_FILE = Messenger/Info.plist;
				IPHONEOS_DEPLOYMENT_TARGET = 13.0;
				LD_RUNPATH_SEARCH_PATHS = (
					"$(inherited)",
					"@executable_path/Frameworks",
				);
				PRODUCT_BUNDLE_IDENTIFIER = Yaroslav.Messenger;
				PRODUCT_NAME = "$(TARGET_NAME)";
				SWIFT_VERSION = 5.0;
				TARGETED_DEVICE_FAMILY = "1,2";
			};
			name = Release;
		};
/* End XCBuildConfiguration section */

/* Begin XCConfigurationList section */
		C4E2AB212644326100A52A28 /* Build configuration list for PBXProject "Messenger" */ = {
			isa = XCConfigurationList;
			buildConfigurations = (
				C4E2AB382644326400A52A28 /* Debug */,
				C4E2AB392644326400A52A28 /* Release */,
			);
			defaultConfigurationIsVisible = 0;
			defaultConfigurationName = Release;
		};
		C4E2AB3A2644326400A52A28 /* Build configuration list for PBXNativeTarget "Messenger" */ = {
			isa = XCConfigurationList;
			buildConfigurations = (
				C4E2AB3B2644326400A52A28 /* Debug */,
				C4E2AB3C2644326400A52A28 /* Release */,
			);
			defaultConfigurationIsVisible = 0;
			defaultConfigurationName = Release;
		};
/* End XCConfigurationList section */
	};
	rootObject = C4E2AB1E2644326100A52A28 /* Project object */;
}
